// !$*UTF8*$!
{
	archiveVersion = 1;
	classes = {
	};
	objectVersion = 46;
	objects = {

/* Begin PBXBuildFile section */
		04BC96AE20B68C0200410FF1 /* CoreLocation.framework in Frameworks */ = {isa = PBXBuildFile; fileRef = 04BC96AD20B68C0200410FF1 /* CoreLocation.framework */; };
		04BC96B020B68C0D00410FF1 /* MapKit.framework in Frameworks */ = {isa = PBXBuildFile; fileRef = 04BC96AF20B68C0D00410FF1 /* MapKit.framework */; };
		04BC96B420B6A00300410FF1 /* GoogleMapVC.swift in Sources */ = {isa = PBXBuildFile; fileRef = 04BC96B320B6A00300410FF1 /* GoogleMapVC.swift */; };
		04BC96B620B6B53000410FF1 /* AddRemoveVC.swift in Sources */ = {isa = PBXBuildFile; fileRef = 04BC96B520B6B53000410FF1 /* AddRemoveVC.swift */; };
		094D2827C4C0F54078C4B551 /* Pods_GeoTargeting.framework in Frameworks */ = {isa = PBXBuildFile; fileRef = 98BDA4D4AE5E9D346C8AD2A0 /* Pods_GeoTargeting.framework */; };
		5207D8C31CCE69B0007DF1E8 /* Satadhar.gpx in Resources */ = {isa = PBXBuildFile; fileRef = 5207D8C21CCE69B0007DF1E8 /* Satadhar.gpx */; };
		5207D8C51CCEB879007DF1E8 /* RegionProtocol.swift in Sources */ = {isa = PBXBuildFile; fileRef = 5207D8C41CCEB879007DF1E8 /* RegionProtocol.swift */; };
		5207D8C71CCEB985007DF1E8 /* RegionDelegateProtocol.swift in Sources */ = {isa = PBXBuildFile; fileRef = 5207D8C61CCEB985007DF1E8 /* RegionDelegateProtocol.swift */; };
		525EF2E91CCB473000373B01 /* AppDelegate.swift in Sources */ = {isa = PBXBuildFile; fileRef = 525EF2E81CCB473000373B01 /* AppDelegate.swift */; };
		525EF2EB1CCB473000373B01 /* ViewController.swift in Sources */ = {isa = PBXBuildFile; fileRef = 525EF2EA1CCB473000373B01 /* ViewController.swift */; };
		525EF2EE1CCB473000373B01 /* Main.storyboard in Resources */ = {isa = PBXBuildFile; fileRef = 525EF2EC1CCB473000373B01 /* Main.storyboard */; };
		525EF2F01CCB473000373B01 /* Assets.xcassets in Resources */ = {isa = PBXBuildFile; fileRef = 525EF2EF1CCB473000373B01 /* Assets.xcassets */; };
		525EF2F31CCB473000373B01 /* LaunchScreen.storyboard in Resources */ = {isa = PBXBuildFile; fileRef = 525EF2F11CCB473000373B01 /* LaunchScreen.storyboard */; };
/* End PBXBuildFile section */

/* Begin PBXFileReference section */
		04BC96AD20B68C0200410FF1 /* CoreLocation.framework */ = {isa = PBXFileReference; lastKnownFileType = wrapper.framework; name = CoreLocation.framework; path = System/Library/Frameworks/CoreLocation.framework; sourceTree = SDKROOT; };
		04BC96AF20B68C0D00410FF1 /* MapKit.framework */ = {isa = PBXFileReference; lastKnownFileType = wrapper.framework; name = MapKit.framework; path = System/Library/Frameworks/MapKit.framework; sourceTree = SDKROOT; };
		04BC96B120B699CC00410FF1 /* Home.gpx */ = {isa = PBXFileReference; lastKnownFileType = text.xml; path = Home.gpx; sourceTree = "<group>"; };
		04BC96B220B699D200410FF1 /* Landmark.gpx */ = {isa = PBXFileReference; lastKnownFileType = text.xml; path = Landmark.gpx; sourceTree = "<group>"; };
		04BC96B320B6A00300410FF1 /* GoogleMapVC.swift */ = {isa = PBXFileReference; lastKnownFileType = sourcecode.swift; path = GoogleMapVC.swift; sourceTree = "<group>"; };
		04BC96B520B6B53000410FF1 /* AddRemoveVC.swift */ = {isa = PBXFileReference; lastKnownFileType = sourcecode.swift; path = AddRemoveVC.swift; sourceTree = "<group>"; };
		2CE9D75028E74BE677A4806C /* Pods-GeoTargeting.debug.xcconfig */ = {isa = PBXFileReference; includeInIndex = 1; lastKnownFileType = text.xcconfig; name = "Pods-GeoTargeting.debug.xcconfig"; path = "Pods/Target Support Files/Pods-GeoTargeting/Pods-GeoTargeting.debug.xcconfig"; sourceTree = "<group>"; };
		5207D8C21CCE69B0007DF1E8 /* Satadhar.gpx */ = {isa = PBXFileReference; fileEncoding = 4; lastKnownFileType = text.xml; path = Satadhar.gpx; sourceTree = "<group>"; };
		5207D8C41CCEB879007DF1E8 /* RegionProtocol.swift */ = {isa = PBXFileReference; fileEncoding = 4; lastKnownFileType = sourcecode.swift; path = RegionProtocol.swift; sourceTree = "<group>"; };
		5207D8C61CCEB985007DF1E8 /* RegionDelegateProtocol.swift */ = {isa = PBXFileReference; fileEncoding = 4; lastKnownFileType = sourcecode.swift; path = RegionDelegateProtocol.swift; sourceTree = "<group>"; };
		525EF2E51CCB473000373B01 /* GeoTargeting.app */ = {isa = PBXFileReference; explicitFileType = wrapper.application; includeInIndex = 0; path = GeoTargeting.app; sourceTree = BUILT_PRODUCTS_DIR; };
		525EF2E81CCB473000373B01 /* AppDelegate.swift */ = {isa = PBXFileReference; lastKnownFileType = sourcecode.swift; path = AppDelegate.swift; sourceTree = "<group>"; };
		525EF2EA1CCB473000373B01 /* ViewController.swift */ = {isa = PBXFileReference; lastKnownFileType = sourcecode.swift; path = ViewController.swift; sourceTree = "<group>"; };
		525EF2ED1CCB473000373B01 /* Base */ = {isa = PBXFileReference; lastKnownFileType = file.storyboard; name = Base; path = Base.lproj/Main.storyboard; sourceTree = "<group>"; };
		525EF2EF1CCB473000373B01 /* Assets.xcassets */ = {isa = PBXFileReference; lastKnownFileType = folder.assetcatalog; path = Assets.xcassets; sourceTree = "<group>"; };
		525EF2F21CCB473000373B01 /* Base */ = {isa = PBXFileReference; lastKnownFileType = file.storyboard; name = Base; path = Base.lproj/LaunchScreen.storyboard; sourceTree = "<group>"; };
		525EF2F41CCB473000373B01 /* Info.plist */ = {isa = PBXFileReference; lastKnownFileType = text.plist.xml; path = Info.plist; sourceTree = "<group>"; };
		98BDA4D4AE5E9D346C8AD2A0 /* Pods_GeoTargeting.framework */ = {isa = PBXFileReference; explicitFileType = wrapper.framework; includeInIndex = 0; path = Pods_GeoTargeting.framework; sourceTree = BUILT_PRODUCTS_DIR; };
		D968B30152AEC45208BAA1E6 /* Pods-GeoTargeting.release.xcconfig */ = {isa = PBXFileReference; includeInIndex = 1; lastKnownFileType = text.xcconfig; name = "Pods-GeoTargeting.release.xcconfig"; path = "Pods/Target Support Files/Pods-GeoTargeting/Pods-GeoTargeting.release.xcconfig"; sourceTree = "<group>"; };
/* End PBXFileReference section */

/* Begin PBXFrameworksBuildPhase section */
		525EF2E21CCB473000373B01 /* Frameworks */ = {
			isa = PBXFrameworksBuildPhase;
			buildActionMask = 2147483647;
			files = (
				04BC96B020B68C0D00410FF1 /* MapKit.framework in Frameworks */,
				04BC96AE20B68C0200410FF1 /* CoreLocation.framework in Frameworks */,
				094D2827C4C0F54078C4B551 /* Pods_GeoTargeting.framework in Frameworks */,
			);
			runOnlyForDeploymentPostprocessing = 0;
		};
/* End PBXFrameworksBuildPhase section */

/* Begin PBXGroup section */
		04BC96AC20B68C0200410FF1 /* Frameworks */ = {
			isa = PBXGroup;
			children = (
				04BC96AF20B68C0D00410FF1 /* MapKit.framework */,
				04BC96AD20B68C0200410FF1 /* CoreLocation.framework */,
				98BDA4D4AE5E9D346C8AD2A0 /* Pods_GeoTargeting.framework */,
			);
			name = Frameworks;
			sourceTree = "<group>";
		};
		525EF2DC1CCB473000373B01 = {
			isa = PBXGroup;
			children = (
				525EF2E71CCB473000373B01 /* GeoTargeting */,
				525EF2E61CCB473000373B01 /* Products */,
				04BC96AC20B68C0200410FF1 /* Frameworks */,
				9C8D232C27E101627F8FCA3A /* Pods */,
			);
			sourceTree = "<group>";
		};
		525EF2E61CCB473000373B01 /* Products */ = {
			isa = PBXGroup;
			children = (
				525EF2E51CCB473000373B01 /* GeoTargeting.app */,
			);
			name = Products;
			sourceTree = "<group>";
		};
		525EF2E71CCB473000373B01 /* GeoTargeting */ = {
			isa = PBXGroup;
			children = (
				525EF2E81CCB473000373B01 /* AppDelegate.swift */,
				525EF2EA1CCB473000373B01 /* ViewController.swift */,
				04BC96B320B6A00300410FF1 /* GoogleMapVC.swift */,
				04BC96B520B6B53000410FF1 /* AddRemoveVC.swift */,
				5207D8C41CCEB879007DF1E8 /* RegionProtocol.swift */,
				5207D8C61CCEB985007DF1E8 /* RegionDelegateProtocol.swift */,
				525EF2EC1CCB473000373B01 /* Main.storyboard */,
				525EF2EF1CCB473000373B01 /* Assets.xcassets */,
				525EF2F11CCB473000373B01 /* LaunchScreen.storyboard */,
				5207D8C21CCE69B0007DF1E8 /* Satadhar.gpx */,
				04BC96B120B699CC00410FF1 /* Home.gpx */,
				04BC96B220B699D200410FF1 /* Landmark.gpx */,
				525EF2F41CCB473000373B01 /* Info.plist */,
			);
			path = GeoTargeting;
			sourceTree = "<group>";
		};
		9C8D232C27E101627F8FCA3A /* Pods */ = {
			isa = PBXGroup;
			children = (
				2CE9D75028E74BE677A4806C /* Pods-GeoTargeting.debug.xcconfig */,
				D968B30152AEC45208BAA1E6 /* Pods-GeoTargeting.release.xcconfig */,
			);
			name = Pods;
			sourceTree = "<group>";
		};
/* End PBXGroup section */

/* Begin PBXNativeTarget section */
		525EF2E41CCB473000373B01 /* GeoTargeting */ = {
			isa = PBXNativeTarget;
			buildConfigurationList = 525EF2F71CCB473000373B01 /* Build configuration list for PBXNativeTarget "GeoTargeting" */;
			buildPhases = (
				64DFCA6B19F2CADF8897AE42 /* [CP] Check Pods Manifest.lock */,
				525EF2E11CCB473000373B01 /* Sources */,
				525EF2E21CCB473000373B01 /* Frameworks */,
				525EF2E31CCB473000373B01 /* Resources */,
				C522DF4B39EB268EAF58BBC1 /* [CP] Copy Pods Resources */,
			);
			buildRules = (
			);
			dependencies = (
			);
			name = GeoTargeting;
			productName = GeoTargeting;
			productReference = 525EF2E51CCB473000373B01 /* GeoTargeting.app */;
			productType = "com.apple.product-type.application";
		};
/* End PBXNativeTarget section */

/* Begin PBXProject section */
		525EF2DD1CCB473000373B01 /* Project object */ = {
			isa = PBXProject;
			attributes = {
				LastSwiftUpdateCheck = 0730;
				LastUpgradeCheck = 0730;
				ORGANIZATIONNAME = "Evgenii Trapeznikov";
				TargetAttributes = {
					525EF2E41CCB473000373B01 = {
						CreatedOnToolsVersion = 7.3;
						DevelopmentTeam = 262A95NSKE;
						LastSwiftMigration = 0830;
						SystemCapabilities = {
							com.apple.BackgroundModes = {
								enabled = 1;
							};
						};
					};
				};
			};
			buildConfigurationList = 525EF2E01CCB473000373B01 /* Build configuration list for PBXProject "GeoTargeting" */;
			compatibilityVersion = "Xcode 3.2";
			developmentRegion = English;
			hasScannedForEncodings = 0;
			knownRegions = (
				en,
				Base,
			);
			mainGroup = 525EF2DC1CCB473000373B01;
			productRefGroup = 525EF2E61CCB473000373B01 /* Products */;
			projectDirPath = "";
			projectRoot = "";
			targets = (
				525EF2E41CCB473000373B01 /* GeoTargeting */,
			);
		};
/* End PBXProject section */

/* Begin PBXResourcesBuildPhase section */
		525EF2E31CCB473000373B01 /* Resources */ = {
			isa = PBXResourcesBuildPhase;
			buildActionMask = 2147483647;
			files = (
				525EF2F31CCB473000373B01 /* LaunchScreen.storyboard in Resources */,
				525EF2F01CCB473000373B01 /* Assets.xcassets in Resources */,
				5207D8C31CCE69B0007DF1E8 /* Satadhar.gpx in Resources */,
				525EF2EE1CCB473000373B01 /* Main.storyboard in Resources */,
			);
			runOnlyForDeploymentPostprocessing = 0;
		};
/* End PBXResourcesBuildPhase section */

/* Begin PBXShellScriptBuildPhase section */
		64DFCA6B19F2CADF8897AE42 /* [CP] Check Pods Manifest.lock */ = {
			isa = PBXShellScriptBuildPhase;
			buildActionMask = 2147483647;
			files = (
			);
			inputPaths = (
				"${PODS_PODFILE_DIR_PATH}/Podfile.lock",
				"${PODS_ROOT}/Manifest.lock",
			);
			name = "[CP] Check Pods Manifest.lock";
			outputPaths = (
				"$(DERIVED_FILE_DIR)/Pods-GeoTargeting-checkManifestLockResult.txt",
			);
			runOnlyForDeploymentPostprocessing = 0;
			shellPath = /bin/sh;
			shellScript = "diff \"${PODS_PODFILE_DIR_PATH}/Podfile.lock\" \"${PODS_ROOT}/Manifest.lock\" > /dev/null\nif [ $? != 0 ] ; then\n    # print error to STDERR\n    echo \"error: The sandbox is not in sync with the Podfile.lock. Run 'pod install' or update your CocoaPods installation.\" >&2\n    exit 1\nfi\n# This output is used by Xcode 'outputs' to avoid re-running this script phase.\necho \"SUCCESS\" > \"${SCRIPT_OUTPUT_FILE_0}\"\n";
			showEnvVarsInLog = 0;
		};
		C522DF4B39EB268EAF58BBC1 /* [CP] Copy Pods Resources */ = {
			isa = PBXShellScriptBuildPhase;
			buildActionMask = 2147483647;
			files = (
			);
			inputPaths = (
				"${SRCROOT}/Pods/Target Support Files/Pods-GeoTargeting/Pods-GeoTargeting-resources.sh",
				"${PODS_ROOT}/GoogleMaps/Maps/Frameworks/GoogleMaps.framework/Resources/GoogleMaps.bundle",
				"${PODS_ROOT}/GooglePlacePicker/Frameworks/GooglePlacePicker.framework/Resources/GooglePlacePicker.bundle",
				"${PODS_ROOT}/GooglePlaces/Frameworks/GooglePlaces.framework/Resources/GooglePlaces.bundle",
			);
			name = "[CP] Copy Pods Resources";
			outputPaths = (
				"${TARGET_BUILD_DIR}/${UNLOCALIZED_RESOURCES_FOLDER_PATH}/GoogleMaps.bundle",
				"${TARGET_BUILD_DIR}/${UNLOCALIZED_RESOURCES_FOLDER_PATH}/GooglePlacePicker.bundle",
				"${TARGET_BUILD_DIR}/${UNLOCALIZED_RESOURCES_FOLDER_PATH}/GooglePlaces.bundle",
			);
			runOnlyForDeploymentPostprocessing = 0;
			shellPath = /bin/sh;
			shellScript = "\"${SRCROOT}/Pods/Target Support Files/Pods-GeoTargeting/Pods-GeoTargeting-resources.sh\"\n";
			showEnvVarsInLog = 0;
		};
/* End PBXShellScriptBuildPhase section */

/* Begin PBXSourcesBuildPhase section */
		525EF2E11CCB473000373B01 /* Sources */ = {
			isa = PBXSourcesBuildPhase;
			buildActionMask = 2147483647;
			files = (
				5207D8C71CCEB985007DF1E8 /* RegionDelegateProtocol.swift in Sources */,
				525EF2EB1CCB473000373B01 /* ViewController.swift in Sources */,
				04BC96B620B6B53000410FF1 /* AddRemoveVC.swift in Sources */,
				525EF2E91CCB473000373B01 /* AppDelegate.swift in Sources */,
				5207D8C51CCEB879007DF1E8 /* RegionProtocol.swift in Sources */,
				04BC96B420B6A00300410FF1 /* GoogleMapVC.swift in Sources */,
			);
			runOnlyForDeploymentPostprocessing = 0;
		};
/* End PBXSourcesBuildPhase section */

/* Begin PBXVariantGroup section */
		525EF2EC1CCB473000373B01 /* Main.storyboard */ = {
			isa = PBXVariantGroup;
			children = (
				525EF2ED1CCB473000373B01 /* Base */,
			);
			name = Main.storyboard;
			sourceTree = "<group>";
		};
		525EF2F11CCB473000373B01 /* LaunchScreen.storyboard */ = {
			isa = PBXVariantGroup;
			children = (
				525EF2F21CCB473000373B01 /* Base */,
			);
			name = LaunchScreen.storyboard;
			sourceTree = "<group>";
		};
/* End PBXVariantGroup section */

/* Begin XCBuildConfiguration section */
		525EF2F51CCB473000373B01 /* Debug */ = {
			isa = XCBuildConfiguration;
			buildSettings = {
				ALWAYS_SEARCH_USER_PATHS = NO;
				CLANG_ANALYZER_NONNULL = YES;
				CLANG_CXX_LANGUAGE_STANDARD = "gnu++0x";
				CLANG_CXX_LIBRARY = "libc++";
				CLANG_ENABLE_MODULES = YES;
				CLANG_ENABLE_OBJC_ARC = YES;
				CLANG_WARN_BOOL_CONVERSION = YES;
				CLANG_WARN_CONSTANT_CONVERSION = YES;
				CLANG_WARN_DIRECT_OBJC_ISA_USAGE = YES_ERROR;
				CLANG_WARN_EMPTY_BODY = YES;
				CLANG_WARN_ENUM_CONVERSION = YES;
				CLANG_WARN_INT_CONVERSION = YES;
				CLANG_WARN_OBJC_ROOT_CLASS = YES_ERROR;
				CLANG_WARN_UNREACHABLE_CODE = YES;
				CLANG_WARN__DUPLICATE_METHOD_MATCH = YES;
				"CODE_SIGN_IDENTITY[sdk=iphoneos*]" = "iPhone Developer";
				COPY_PHASE_STRIP = NO;
				DEBUG_INFORMATION_FORMAT = dwarf;
				ENABLE_STRICT_OBJC_MSGSEND = YES;
				ENABLE_TESTABILITY = YES;
				GCC_C_LANGUAGE_STANDARD = gnu99;
				GCC_DYNAMIC_NO_PIC = NO;
				GCC_NO_COMMON_BLOCKS = YES;
				GCC_OPTIMIZATION_LEVEL = 0;
				GCC_PREPROCESSOR_DEFINITIONS = (
					"DEBUG=1",
					"$(inherited)",
				);
				GCC_WARN_64_TO_32_BIT_CONVERSION = YES;
				GCC_WARN_ABOUT_RETURN_TYPE = YES_ERROR;
				GCC_WARN_UNDECLARED_SELECTOR = YES;
				GCC_WARN_UNINITIALIZED_AUTOS = YES_AGGRESSIVE;
				GCC_WARN_UNUSED_FUNCTION = YES;
				GCC_WARN_UNUSED_VARIABLE = YES;
				IPHONEOS_DEPLOYMENT_TARGET = 9.3;
				MTL_ENABLE_DEBUG_INFO = YES;
				ONLY_ACTIVE_ARCH = YES;
				SDKROOT = iphoneos;
				SWIFT_OPTIMIZATION_LEVEL = "-Onone";
			};
			name = Debug;
		};
		525EF2F61CCB473000373B01 /* Release */ = {
			isa = XCBuildConfiguration;
			buildSettings = {
				ALWAYS_SEARCH_USER_PATHS = NO;
				CLANG_ANALYZER_NONNULL = YES;
				CLANG_CXX_LANGUAGE_STANDARD = "gnu++0x";
				CLANG_CXX_LIBRARY = "libc++";
				CLANG_ENABLE_MODULES = YES;
				CLANG_ENABLE_OBJC_ARC = YES;
				CLANG_WARN_BOOL_CONVERSION = YES;
				CLANG_WARN_CONSTANT_CONVERSION = YES;
				CLANG_WARN_DIRECT_OBJC_ISA_USAGE = YES_ERROR;
				CLANG_WARN_EMPTY_BODY = YES;
				CLANG_WARN_ENUM_CONVERSION = YES;
				CLANG_WARN_INT_CONVERSION = YES;
				CLANG_WARN_OBJC_ROOT_CLASS = YES_ERROR;
				CLANG_WARN_UNREACHABLE_CODE = YES;
				CLANG_WARN__DUPLICATE_METHOD_MATCH = YES;
				"CODE_SIGN_IDENTITY[sdk=iphoneos*]" = "iPhone Developer";
				COPY_PHASE_STRIP = NO;
				DEBUG_INFORMATION_FORMAT = "dwarf-with-dsym";
				ENABLE_NS_ASSERTIONS = NO;
				ENABLE_STRICT_OBJC_MSGSEND = YES;
				GCC_C_LANGUAGE_STANDARD = gnu99;
				GCC_NO_COMMON_BLOCKS = YES;
				GCC_WARN_64_TO_32_BIT_CONVERSION = YES;
				GCC_WARN_ABOUT_RETURN_TYPE = YES_ERROR;
				GCC_WARN_UNDECLARED_SELECTOR = YES;
				GCC_WARN_UNINITIALIZED_AUTOS = YES_AGGRESSIVE;
				GCC_WARN_UNUSED_FUNCTION = YES;
				GCC_WARN_UNUSED_VARIABLE = YES;
				IPHONEOS_DEPLOYMENT_TARGET = 9.3;
				MTL_ENABLE_DEBUG_INFO = NO;
				SDKROOT = iphoneos;
				VALIDATE_PRODUCT = YES;
			};
			name = Release;
		};
		525EF2F81CCB473000373B01 /* Debug */ = {
			isa = XCBuildConfiguration;
			baseConfigurationReference = 2CE9D75028E74BE677A4806C /* Pods-GeoTargeting.debug.xcconfig */;
			buildSettings = {
				ASSETCATALOG_COMPILER_APPICON_NAME = AppIcon;
				DEVELOPMENT_TEAM = 262A95NSKE;
				INFOPLIST_FILE = GeoTargeting/Info.plist;
				LD_RUNPATH_SEARCH_PATHS = "$(inherited) @executable_path/Frameworks";
				PRODUCT_BUNDLE_IDENTIFIER = com.ugin.GeoTargeting;
				PRODUCT_NAME = "$(TARGET_NAME)";
				SWIFT_VERSION = 3.0;
			};
			name = Debug;
		};
		525EF2F91CCB473000373B01 /* Release */ = {
			isa = XCBuildConfiguration;
			baseConfigurationReference = D968B30152AEC45208BAA1E6 /* Pods-GeoTargeting.release.xcconfig */;
			buildSettings = {
				ASSETCATALOG_COMPILER_APPICON_NAME = AppIcon;
				DEVELOPMENT_TEAM = 262A95NSKE;
				INFOPLIST_FILE = GeoTargeting/Info.plist;
				LD_RUNPATH_SEARCH_PATHS = "$(inherited) @executable_path/Frameworks";
				PRODUCT_BUNDLE_IDENTIFIER = com.ugin.GeoTargeting;
				PRODUCT_NAME = "$(TARGET_NAME)";
				SWIFT_VERSION = 3.0;
			};
			name = Release;
		};
/* End XCBuildConfiguration section */

/* Begin XCConfigurationList section */
		525EF2E01CCB473000373B01 /* Build configuration list for PBXProject "GeoTargeting" */ = {
			isa = XCConfigurationList;
			buildConfigurations = (
				525EF2F51CCB473000373B01 /* Debug */,
				525EF2F61CCB473000373B01 /* Release */,
			);
			defaultConfigurationIsVisible = 0;
			defaultConfigurationName = Release;
		};
		525EF2F71CCB473000373B01 /* Build configuration list for PBXNativeTarget "GeoTargeting" */ = {
			isa = XCConfigurationList;
			buildConfigurations = (
				525EF2F81CCB473000373B01 /* Debug */,
				525EF2F91CCB473000373B01 /* Release */,
			);
			defaultConfigurationIsVisible = 0;
			defaultConfigurationName = Release;
		};
/* End XCConfigurationList section */
	};
	rootObject = 525EF2DD1CCB473000373B01 /* Project object */;
}
